{
  "name": "fullcalendar-7.1.0",
  "lockfileVersion": 3,
  "requires": true,
  "packages": {
    "": {
      "dependencies": {
        "@fullcalendar/bootstrap5": "^7.1.0",
        "bootstrap": "^5.3.8",
        "bootstrap-icons": "^1.13.1",
        "fullcalendar": "^7.1.0",
        "fullcalendar-scheduler": "^7.1.0",
        "temporal-polyfill": "^1.0.5"
      }
    },
    "node_modules/@full-ui/headless-calendar": {
      "version": "7.1.0",
      "resolved": "https://registry.npmjs.org/@full-ui/headless-calendar/-/headless-calendar-7.1.0.tgz",
      "integrity": "sha512-T54tSUik/ia9Jj4xduFHv1p98eVBgLnE33Q6qhpg+WWkqKCLBCbtVyMcTPPIOP5jjTV2MbtjrRvRt1RLSryGHA==",
      "license": "MIT",
      "peerDependencies": {
        "temporal-polyfill": "^1.0.1"
      }
    },
    "node_modules/@full-ui/headless-grid": {
      "version": "7.1.0",
      "resolved": "https://registry.npmjs.org/@full-ui/headless-grid/-/headless-grid-7.1.0.tgz",
      "integrity": "sha512-cwlq+KDVd0SkU9g1fE1Xw21/+iKzTI2s212zUBwnGuSbD8ctUVJSFe3A/6pxDhfYVa1qmr6N0u5zDBpgKSxKzg==",
      "license": "SEE LICENSE IN LICENSE.md"
    },
    "node_modules/@fullcalendar/bootstrap5": {
      "version": "7.1.0",
      "resolved": "https://registry.npmjs.org/@fullcalendar/bootstrap5/-/bootstrap5-7.1.0.tgz",
      "integrity": "sha512-AOH8iuVTRCspobuqSuaRpa+YThltAyNzDj7zpwz6yFQnjbqli+0QauHm11RIJTBdHRj9OdoTW5Xzm2DZ/LvOHg==",
      "license": "MIT",
      "peerDependencies": {
        "@fullcalendar/core": "7.1.0",
        "bootstrap": "^5.3.0",
        "bootstrap-icons": "^1.8.0"
      }
    },
    "node_modules/@fullcalendar/core": {
      "version": "7.1.0",
      "resolved": "https://registry.npmjs.org/@fullcalendar/core/-/core-7.1.0.tgz",
      "integrity": "sha512-a+ABP7zQpPWpwPT8EsOdShpeOVrJyx/XYStqERd8ibld/FLi/dzpd95r7w3RIdFqFm9iUv0gdGvBshSlI/dbPw==",
      "license": "MIT",
      "peerDependencies": {
        "@full-ui/headless-calendar": "7.1.0",
        "temporal-polyfill": "^1.0.1"
      }
    },
    "node_modules/@popperjs/core": {
      "version": "2.11.8",
      "resolved": "https://registry.npmjs.org/@popperjs/core/-/core-2.11.8.tgz",
      "integrity": "sha512-P1st0aksCrn9sGZhp8GMYwBnQsbvAWsZAX44oXNNvLHGqAOcoVxmjZiohstwQ7SqKnbR47akdNi+uleWD8+g6A==",
      "license": "MIT",
      "peer": true,
      "funding": {
        "type": "opencollective",
        "url": "https://opencollective.com/popperjs"
      }
    },
    "node_modules/bootstrap": {
      "version": "5.3.8",
      "resolved": "https://registry.npmjs.org/bootstrap/-/bootstrap-5.3.8.tgz",
      "integrity": "sha512-HP1SZDqaLDPwsNiqRqi5NcP0SSXciX2s9E+RyqJIIqGo+vJeN5AJVM98CXmW/Wux0nQ5L7jeWUdplCEf0Ee+tg==",
      "funding": [
        {
          "type": "github",
          "url": "https://github.com/sponsors/twbs"
        },
        {
          "type": "opencollective",
          "url": "https://opencollective.com/bootstrap"
        }
      ],
      "license": "MIT",
      "peerDependencies": {
        "@popperjs/core": "^2.11.8"
      }
    },
    "node_modules/bootstrap-icons": {
      "version": "1.13.1",
      "resolved": "https://registry.npmjs.org/bootstrap-icons/-/bootstrap-icons-1.13.1.tgz",
      "integrity": "sha512-ijombt4v6bv5CLeXvRWKy7CuM3TRTuPEuGaGKvTV5cz65rQSY8RQ2JcHt6b90cBBAC7s8fsf2EkQDldzCoXUjw==",
      "funding": [
        {
          "type": "github",
          "url": "https://github.com/sponsors/twbs"
        },
        {
          "type": "opencollective",
          "url": "https://opencollective.com/bootstrap"
        }
      ],
      "license": "MIT"
    },
    "node_modules/fullcalendar": {
      "version": "7.1.0",
      "resolved": "https://registry.npmjs.org/fullcalendar/-/fullcalendar-7.1.0.tgz",
      "integrity": "sha512-Pvr/fLrwuwfIjRygNKHJdHFJ8QGWjkAf6FFaMAi7Iv/fFftZQXV49smJE8KTgSVW/GxrqjN5t5Zw2OBTRKcnzA==",
      "license": "MIT",
      "dependencies": {
        "@full-ui/headless-calendar": "7.1.0",
        "@fullcalendar/core": "7.1.0",
        "preact": "^10.29.8"
      },
      "peerDependencies": {
        "temporal-polyfill": "^1.0.1"
      }
    },
    "node_modules/fullcalendar-scheduler": {
      "version": "7.1.0",
      "resolved": "https://registry.npmjs.org/fullcalendar-scheduler/-/fullcalendar-scheduler-7.1.0.tgz",
      "integrity": "sha512-fv+G9aEtzcBNcv9gyCREq/Pmu25l+6VJBskcbLrymmLiWL9so0Rv69iN2tkRup8ngtDjIMZAWoJRlZmKhIdUsw==",
      "license": "SEE LICENSE IN LICENSE.md",
      "dependencies": {
        "@full-ui/headless-calendar": "7.1.0",
        "@full-ui/headless-grid": "7.1.0",
        "@fullcalendar/core": "7.1.0",
        "preact": "^10.29.8"
      },
      "peerDependencies": {
        "fullcalendar": "7.1.0",
        "temporal-polyfill": "^1.0.1"
      }
    },
    "node_modules/preact": {
      "version": "10.29.8",
      "resolved": "https://registry.npmjs.org/preact/-/preact-10.29.8.tgz",
      "integrity": "sha512-ej2aVZ+vZ8WO7tvlQWRM9N63A0KzF9q4mWJfDUHgYaIofWY9hu74QdnQrjoPMmZi2/nZ5gN0bJCQF49xQqx09Q==",
      "license": "MIT",
      "funding": {
        "type": "opencollective",
        "url": "https://opencollective.com/preact"
      },
      "peerDependencies": {
        "preact-render-to-string": ">=5"
      },
      "peerDependenciesMeta": {
        "preact-render-to-string": {
          "optional": true
        }
      }
    },
    "node_modules/temporal-polyfill": {
      "version": "1.0.5",
      "resolved": "https://registry.npmjs.org/temporal-polyfill/-/temporal-polyfill-1.0.5.tgz",
      "integrity": "sha512-+H/mmY74i6wXCMcjIhGuSnODcyZnc4eois2myhOyX0UqRAKNXQY5m9iB1en5jQ/n4SXtjLXo1ElBI5bmn8tZwQ==",
      "license": "MIT",
      "dependencies": {
        "temporal-spec": "1.0.1",
        "temporal-utils": "1.0.3"
      }
    },
    "node_modules/temporal-spec": {
      "version": "1.0.1",
      "resolved": "https://registry.npmjs.org/temporal-spec/-/temporal-spec-1.0.1.tgz",
      "integrity": "sha512-wxVoanmDeavXie1vu2JaQ3WIc3JZnWAOYFBsJyATaVsXsycKYUflGsyBmrRSnoCpZJpwPyr38VpgSUlQ8CbFxg==",
      "license": "Apache-2.0"
    },
    "node_modules/temporal-utils": {
      "version": "1.0.3",
      "resolved": "https://registry.npmjs.org/temporal-utils/-/temporal-utils-1.0.3.tgz",
      "integrity": "sha512-9jbTSX3HvkOWvDpNpFzwX/d1mkCrgQgwLmVTOEiuocZGKHsrQJtttGZFmybJ2zYP5zCSZuU5ZyeS8+eOEPABiQ==",
      "license": "MIT"
    }
  }
}
